
Microsoft Visual Studio Solution File, Format Version 12.00
Project("{F2A71F9B-5D33-465A-A702-920D77279786}") = "day-1", "day-1\day-1.fsproj", "{2116144D-D69A-4505-9477-AEABB9BFDDEB}"
EndProject
Project("{F2A71F9B-5D33-465A-A702-920D77279786}") = "day-2", "day-2\day-2.fsproj", "{DD52056A-72D6-409F-99B0-DC16130358EE}"
EndProject
Project("{F2A71F9B-5D33-465A-A702-920D77279786}") = "day-3", "day-3\day-3.fsproj", "{5DEF6E2E-A4C3-4540-9FA3-9060B5A53FF4}"
EndProject
Project("{F2A71F9B-5D33-465A-A702-920D77279786}") = "day-4", "day-4\day-4.fsproj", "{D62968D3-C7CA-4E21-8A41-5F9918B5DCCB}"
EndProject
Project("{F2A71F9B-5D33-465A-A702-920D77279786}") = "day-5", "day-5\day-5.fsproj", "{499C06C3-6FE4-4CF8-BD98-CAF52A29FBAF}"
EndProject
Project("{F2A71F9B-5D33-465A-A702-920D77279786}") = "day-6", "day-6\day-6.fsproj", "{6D0D994A-0A39-438F-8F3F-4FB8B9CECF3E}"
EndProject
Project("{F2A71F9B-5D33-465A-A702-920D77279786}") = "day-7", "day-7\day-7.fsproj", "{A6C25D00-5573-4883-B44D-40212E461BE1}"
EndProject
Global
	GlobalSection(SolutionConfigurationPlatforms) = preSolution
		Debug|Any CPU = Debug|Any CPU
		Release|Any CPU = Release|Any CPU
	EndGlobalSection
	GlobalSection(ProjectConfigurationPlatforms) = postSolution
		{2116144D-D69A-4505-9477-AEABB9BFDDEB}.Debug|Any CPU.ActiveCfg = Debug|Any CPU
		{2116144D-D69A-4505-9477-AEABB9BFDDEB}.Debug|Any CPU.Build.0 = Debug|Any CPU
		{2116144D-D69A-4505-9477-AEABB9BFDDEB}.Release|Any CPU.ActiveCfg = Release|Any CPU
		{2116144D-D69A-4505-9477-AEABB9BFDDEB}.Release|Any CPU.Build.0 = Release|Any CPU
		{DD52056A-72D6-409F-99B0-DC16130358EE}.Debug|Any CPU.ActiveCfg = Debug|Any CPU
		{DD52056A-72D6-409F-99B0-DC16130358EE}.Debug|Any CPU.Build.0 = Debug|Any CPU
		{DD52056A-72D6-409F-99B0-DC16130358EE}.Release|Any CPU.ActiveCfg = Release|Any CPU
		{DD52056A-72D6-409F-99B0-DC16130358EE}.Release|Any CPU.Build.0 = Release|Any CPU
		{5DEF6E2E-A4C3-4540-9FA3-9060B5A53FF4}.Debug|Any CPU.ActiveCfg = Debug|Any CPU
		{5DEF6E2E-A4C3-4540-9FA3-9060B5A53FF4}.Debug|Any CPU.Build.0 = Debug|Any CPU
		{5DEF6E2E-A4C3-4540-9FA3-9060B5A53FF4}.Release|Any CPU.ActiveCfg = Release|Any CPU
		{5DEF6E2E-A4C3-4540-9FA3-9060B5A53FF4}.Release|Any CPU.Build.0 = Release|Any CPU
		{D62968D3-C7CA-4E21-8A41-5F9918B5DCCB}.Debug|Any CPU.ActiveCfg = Debug|Any CPU
		{D62968D3-C7CA-4E21-8A41-5F9918B5DCCB}.Debug|Any CPU.Build.0 = Debug|Any CPU
		{D62968D3-C7CA-4E21-8A41-5F9918B5DCCB}.Release|Any CPU.ActiveCfg = Release|Any CPU
		{D62968D3-C7CA-4E21-8A41-5F9918B5DCCB}.Release|Any CPU.Build.0 = Release|Any CPU
		{499C06C3-6FE4-4CF8-BD98-CAF52A29FBAF}.Debug|Any CPU.ActiveCfg = Debug|Any CPU
		{499C06C3-6FE4-4CF8-BD98-CAF52A29FBAF}.Debug|Any CPU.Build.0 = Debug|Any CPU
		{499C06C3-6FE4-4CF8-BD98-CAF52A29FBAF}.Release|Any CPU.ActiveCfg = Release|Any CPU
		{499C06C3-6FE4-4CF8-BD98-CAF52A29FBAF}.Release|Any CPU.Build.0 = Release|Any CPU
		{6D0D994A-0A39-438F-8F3F-4FB8B9CECF3E}.Debug|Any CPU.ActiveCfg = Debug|Any CPU
		{6D0D994A-0A39-438F-8F3F-4FB8B9CECF3E}.Debug|Any CPU.Build.0 = Debug|Any CPU
		{6D0D994A-0A39-438F-8F3F-4FB8B9CECF3E}.Release|Any CPU.ActiveCfg = Release|Any CPU
		{6D0D994A-0A39-438F-8F3F-4FB8B9CECF3E}.Release|Any CPU.Build.0 = Release|Any CPU
		{A6C25D00-5573-4883-B44D-40212E461BE1}.Debug|Any CPU.ActiveCfg = Debug|Any CPU
		{A6C25D00-5573-4883-B44D-40212E461BE1}.Debug|Any CPU.Build.0 = Debug|Any CPU
		{A6C25D00-5573-4883-B44D-40212E461BE1}.Release|Any CPU.ActiveCfg = Release|Any CPU
		{A6C25D00-5573-4883-B44D-40212E461BE1}.Release|Any CPU.Build.0 = Release|Any CPU
	EndGlobalSection
EndGlobal
